
Microsoft Visual Studio Solution File, Format Version 12.00
# Visual Studio Version 16
VisualStudioVersion = 16.0.30907.101
MinimumVisualStudioVersion = 10.0.40219.1
Project("{FAE04EC0-301F-11D3-BF4B-00C04F79EFBC}") = "ConsoleApp3", "ConsoleApp3\ConsoleApp3.csproj", "{75D19106-19AD-4EA0-988A-B886BDD673B2}"
EndProject
Project("{FAE04EC0-301F-11D3-BF4B-00C04F79EFBC}") = "UnitTestProject1", "UnitTestProject1\UnitTestProject1.csproj", "{A468D127-219C-493E-9486-A8B2E8D4390D}"
EndProject
Global
	GlobalSection(SolutionConfigurationPlatforms) = preSolution
		Debug|Any CPU = Debug|Any CPU
		Release|Any CPU = Release|Any CPU
	EndGlobalSection
	GlobalSection(ProjectConfigurationPlatforms) = postSolution
		{75D19106-19AD-4EA0-988A-B886BDD673B2}.Debug|Any CPU.ActiveCfg = Debug|Any CPU
		{75D19106-19AD-4EA0-988A-B886BDD673B2}.Debug|Any CPU.Build.0 = Debug|Any CPU
		{75D19106-19AD-4EA0-988A-B886BDD673B2}.Release|Any CPU.ActiveCfg = Release|Any CPU
		{75D19106-19AD-4EA0-988A-B886BDD673B2}.Release|Any CPU.Build.0 = Release|Any CPU
		{A468D127-219C-493E-9486-A8B2E8D4390D}.Debug|Any CPU.ActiveCfg = Debug|Any CPU
		{A468D127-219C-493E-9486-A8B2E8D4390D}.Debug|Any CPU.Build.0 = Debug|Any CPU
		{A468D127-219C-493E-9486-A8B2E8D4390D}.Release|Any CPU.ActiveCfg = Release|Any CPU
		{A468D127-219C-493E-9486-A8B2E8D4390D}.Release|Any CPU.Build.0 = Release|Any CPU
	EndGlobalSection
	GlobalSection(SolutionProperties) = preSolution
		HideSolutionNode = FALSE
	EndGlobalSection
	GlobalSection(ExtensibilityGlobals) = postSolution
		SolutionGuid = {0EDB6245-2950-42A2-AAF9-8EAD67F471B1}
	EndGlobalSection
EndGlobal
